
Microsoft Visual Studio Solution File, Format Version 12.00
# Visual Studio Version 17
VisualStudioVersion = 17.14.36310.24 d17.14
MinimumVisualStudioVersion = 10.0.40219.1
Project("{FAE04EC0-301F-11D3-BF4B-00C04F79EFBC}") = "Convertidor2.0", "Convertidor2.0\Convertidor2.0.csproj", "{B339E495-CAFC-4BAD-BFF9-B9B403173A65}"
EndProject
Global
	GlobalSection(SolutionConfigurationPlatforms) = preSolution
		Debug|Any CPU = Debug|Any CPU
		Release|Any CPU = Release|Any CPU
	EndGlobalSection
	GlobalSection(ProjectConfigurationPlatforms) = postSolution
		{B339E495-CAFC-4BAD-BFF9-B9B403173A65}.Debug|Any CPU.ActiveCfg = Debug|Any CPU
		{B339E495-CAFC-4BAD-BFF9-B9B403173A65}.Debug|Any CPU.Build.0 = Debug|Any CPU
		{B339E495-CAFC-4BAD-BFF9-B9B403173A65}.Release|Any CPU.ActiveCfg = Release|Any CPU
		{B339E495-CAFC-4BAD-BFF9-B9B403173A65}.Release|Any CPU.Build.0 = Release|Any CPU
	EndGlobalSection
	GlobalSection(SolutionProperties) = preSolution
		HideSolutionNode = FALSE
	EndGlobalSection
	GlobalSection(ExtensibilityGlobals) = postSolution
		SolutionGuid = {168FA8A5-0982-4851-A2FB-30276998F36D}
	EndGlobalSection
EndGlobal
